
Microsoft Visual Studio Solution File, Format Version 12.00
# Visual Studio 14
VisualStudioVersion = 14.0.25420.1
MinimumVisualStudioVersion = 10.0.40219.1
Project("{9092AA53-FB77-4645-B42D-1CCCA6BD08BD}") = "Migration", "Migration.njsproj", "{FCF97FED-BB4B-40EB-A66C-4112A815457B}"
EndProject
Global
	GlobalSection(SolutionConfigurationPlatforms) = preSolution
		Debug|Any CPU = Debug|Any CPU
		Release|Any CPU = Release|Any CPU
	EndGlobalSection
	GlobalSection(ProjectConfigurationPlatforms) = postSolution
		{FCF97FED-BB4B-40EB-A66C-4112A815457B}.Debug|Any CPU.ActiveCfg = Debug|Any CPU
		{FCF97FED-BB4B-40EB-A66C-4112A815457B}.Debug|Any CPU.Build.0 = Debug|Any CPU
		{FCF97FED-BB4B-40EB-A66C-4112A815457B}.Release|Any CPU.ActiveCfg = Release|Any CPU
		{FCF97FED-BB4B-40EB-A66C-4112A815457B}.Release|Any CPU.Build.0 = Release|Any CPU
	EndGlobalSection
	GlobalSection(SolutionProperties) = preSolution
		HideSolutionNode = FALSE
	EndGlobalSection
EndGlobal
